# THIS IS AN AUTOGENERATED FILE. DO NOT EDIT THIS FILE DIRECTLY.
# yarn lockfile v1


"@bufbuild/buf-darwin-arm64@1.47.2":
  version "1.47.2"
  resolved "https://registry.yarnpkg.com/@bufbuild/buf-darwin-arm64/-/buf-darwin-arm64-1.47.2.tgz#aed6df7a7981edf3ac4f1524cdef23f4f5804cfc"
  integrity sha512-74WerFn06y+azgVfsnzhfbI5wla/OLPDnIvaNJBWHaqya/3bfascJkDylW2GVNHmwG1K/cscpmcc/RJPaO7ntQ==

"@bufbuild/buf-darwin-x64@1.47.2":
  version "1.47.2"
  resolved "https://registry.yarnpkg.com/@bufbuild/buf-darwin-x64/-/buf-darwin-x64-1.47.2.tgz#e6b9e2cb0fe947b0475911b3982d0c73b2e84a37"
  integrity sha512-adAiOacOQe8Ym/YXPCEiq9mrPeKRmDtF2TgqPWTcDy6mF7TqR7hMJINkEEuMd1EeACmXnzMOnXlm9ICtvdYgPg==

"@bufbuild/buf-linux-aarch64@1.47.2":
  version "1.47.2"
  resolved "https://registry.yarnpkg.com/@bufbuild/buf-linux-aarch64/-/buf-linux-aarch64-1.47.2.tgz#b164e52a3b581b91b28fde8c7e58cd01282139a0"
  integrity sha512-52vY+Owffr5diw2PyfQJqH+Fld6zW6NhNZak4zojvc2MjZKubWM0TfNyM9jXz2YrwyB+cyxkabE60nBI80m37w==

"@bufbuild/buf-linux-armv7@1.47.2":
  version "1.47.2"
  resolved "https://registry.yarnpkg.com/@bufbuild/buf-linux-armv7/-/buf-linux-armv7-1.47.2.tgz#02b37b851b054f3855824e7d7b818cc24bb2c7b5"
  integrity sha512-g9KtpObDeHZ/VG/0b5ZCieOao7L/WYZ0fPqFSs4N07D3APgEDhJG6vLyUcDgJMDgyLcgkNjNz0+XdYQb/tXyQw==

"@bufbuild/buf-linux-x64@1.47.2":
  version "1.47.2"
  resolved "https://registry.yarnpkg.com/@bufbuild/buf-linux-x64/-/buf-linux-x64-1.47.2.tgz#ecc2dcb22f32a3d06579d9f7fc3a1ea1686c42b0"
  integrity sha512-MODCK2BzD1Mgoyr+5Sp8xA8qMNdytj8hYheyhA5NnCGTkQf8sfqAjpBSAAmKk6Zar8HOlVXML6tzE/ioDFFGwQ==

"@bufbuild/buf-win32-arm64@1.47.2":
  version "1.47.2"
  resolved "https://registry.yarnpkg.com/@bufbuild/buf-win32-arm64/-/buf-win32-arm64-1.47.2.tgz#c6530c3899fc7aedb441aff492f11ab27cbb52ef"
  integrity sha512-563YKYWJl3LrCY3G3+zuhb8HwOs6DzWslwGPFkKV2hwHyWyvd1DR1JjiLvw9zX64IKNctQ0HempSqc3kcboaqQ==

"@bufbuild/buf-win32-x64@1.47.2":
  version "1.47.2"
  resolved "https://registry.yarnpkg.com/@bufbuild/buf-win32-x64/-/buf-win32-x64-1.47.2.tgz#fc2d47069cb1485feacd6eef1f53511cd3ea1bf9"
  integrity sha512-Sqcdv7La2xBDh3bTdEYb2f4UTMMqCcYe/D0RELhvQ5wDn6I35V3/2YT1OF5fRuf0BZLCo0OdO37S9L47uHSz2g==

"@bufbuild/buf@^1.47.2":
  version "1.47.2"
  resolved "https://registry.yarnpkg.com/@bufbuild/buf/-/buf-1.47.2.tgz#de588f291a52e275c7e26dd7d605da1b5cf2169f"
  integrity sha512-glY5kCAoO4+a7HvDb+BLOdoHSdCk4mdXdkp53H8JFz7maOnkxCiHHXgRX+taFyEu25N8ybn7NjZFrZSdRwq2sA==
  optionalDependencies:
    "@bufbuild/buf-darwin-arm64" "1.47.2"
    "@bufbuild/buf-darwin-x64" "1.47.2"
    "@bufbuild/buf-linux-aarch64" "1.47.2"
    "@bufbuild/buf-linux-armv7" "1.47.2"
    "@bufbuild/buf-linux-x64" "1.47.2"
    "@bufbuild/buf-win32-arm64" "1.47.2"
    "@bufbuild/buf-win32-x64" "1.47.2"

"@bufbuild/protobuf@^2.2.2":
  version "2.2.2"
  resolved "https://registry.yarnpkg.com/@bufbuild/protobuf/-/protobuf-2.2.2.tgz#1a6d89603fb215dc4d4178052d05b30b83c75402"
  integrity sha512-UNtPCbrwrenpmrXuRwn9jYpPoweNXj8X5sMvYgsqYyaH8jQ6LfUJSk3dJLnBK+6sfYPrF4iAIo5sd5HQ+tg75A==

"@types/node@^15.6.2":
  version "15.14.9"
  resolved "https://registry.yarnpkg.com/@types/node/-/node-15.14.9.tgz#bc43c990c3c9be7281868bbc7b8fdd6e2b57adfa"
  integrity sha512-qjd88DrCxupx/kJD5yQgZdcYKZKSIGBVDIBE1/LTGcNm3d2Np/jxojkdePDdfnBHJc5W7vSMpbJ1aB7p/Py69A==

prettier@^3.0.3:
  version "3.3.2"
  resolved "https://registry.yarnpkg.com/prettier/-/prettier-3.3.2.tgz#03ff86dc7c835f2d2559ee76876a3914cec4a90a"
  integrity sha512-rAVeHYMcv8ATV5d508CFdn+8/pHPpXeIid1DdrPwXnaAdH7cqjVbpJaT5eq4yRAFU/lsbwYwSF/n5iNrdJHPQA==

typescript@~5.2:
  version "5.2.2"
  resolved "https://registry.yarnpkg.com/typescript/-/typescript-5.2.2.tgz#5ebb5e5a5b75f085f22bc3f8460fba308310fa78"
  integrity sha512-mI4WrpHsbCIcwT9cF4FZvr80QUeKvsUsUvKDoR+X/7XHQH98xYD8YHZg7ANtz2GtZt/CBq2QJ0thkGJMHfqc1w==
